PODS:
  - AFNetworking (3.2.1):
    - AFNetworking/NSURLSession (= 3.2.1)
    - AFNetworking/Reachability (= 3.2.1)
    - AFNetworking/Security (= 3.2.1)
    - AFNetworking/Serialization (= 3.2.1)
    - AFNetworking/UIKit (= 3.2.1)
  - AFNetworking/NSURLSession (3.2.1):
    - AFNetworking/Reachability
    - AFNetworking/Security
    - AFNetworking/Serialization
  - AFNetworking/Reachability (3.2.1)
  - AFNetworking/Security (3.2.1)
  - AFNetworking/Serialization (3.2.1)
  - AFNetworking/UIKit (3.2.1):
    - AFNetworking/NSURLSession
  - FreeStreamer (3.8.3):
    - Reachability (~> 3.0)
  - GKCover (2.5.3)
  - GKMessageTool (1.0.3):
    - MBProgressHUD
  - GKNavigationBarViewController (2.1.2)
  - Masonry (1.1.0)
  - MBProgressHUD (1.1.0)
  - MJRefresh (3.1.15.7)
  - Reachability (3.2)
  - SDWebImage (4.4.2):
    - SDWebImage/Core (= 4.4.2)
  - SDWebImage/Core (4.4.2)
  - WMPageController (2.5.2)
  - YYModel (1.0.4)

DEPENDENCIES:
  - AFNetworking
  - FreeStreamer
  - GKCover
  - GKMessageTool
  - GKNavigationBarViewController
  - Masonry
  - MJRefresh
  - SDWebImage
  - WMPageController
  - YYModel

SPEC REPOS:
  https://github.com/cocoapods/specs.git:
    - AFNetworking
    - FreeStreamer
    - GKCover
    - GKMessageTool
    - GKNavigationBarViewController
    - Masonry
    - MBProgressHUD
    - MJRefresh
    - Reachability
    - SDWebImage
    - WMPageController
    - YYModel

SPEC CHECKSUMS:
  AFNetworking: b6f891fdfaed196b46c7a83cf209e09697b94057
  FreeStreamer: b205b0bf6a2e7855f935369145498f930eb27cac
  GKCover: 26a096a184e32b3cdfd96492eaf3d847d9ae80a9
  GKMessageTool: 89ea6e0ecc60e36609c3e5e0c47eb7b6e81fde03
  GKNavigationBarViewController: a9a6ca818de0ea32697ccb3c0ce8ad00910cea40
  Masonry: 678fab65091a9290e40e2832a55e7ab731aad201
  MBProgressHUD: e7baa36a220447d8aeb12769bf0585582f3866d9
  MJRefresh: 697f8ec75ebdbe9207767bb682cf0f51b0d8a41f
  Reachability: 33e18b67625424e47b6cde6d202dce689ad7af96
  SDWebImage: 624d6e296c69b244bcede364c72ae0430ac14681
  WMPageController: 0c7624d2b48e4f1ab92371688cf6744ed701575d
  YYModel: 2a7fdd96aaa4b86a824e26d0c517de8928c04b30

PODFILE CHECKSUM: 66a9fe43872fb118a85b8139c29d031e905ed986

COCOAPODS: 1.5.3
